
Microsoft Visual Studio Solution File, Format Version 12.00
# Visual Studio 2013
VisualStudioVersion = 12.0.31101.0
MinimumVisualStudioVersion = 10.0.40219.1
Project("{CC5FD16D-436D-48AD-A40C-5A424C6E3E79}") = "Tarea_SQL_Azure", "Tarea_SQL_Azure\Tarea_SQL_Azure.ccproj", "{7F6EAF14-773C-496C-93EF-E0957E0607A0}"
EndProject
Project("{FAE04EC0-301F-11D3-BF4B-00C04F79EFBC}") = "TareaServiceWebRole", "TareaServiceWebRole\TareaServiceWebRole.csproj", "{8D3A2A82-FBE0-4D5A-A27E-B866EF7FF26F}"
EndProject
Global
	GlobalSection(SolutionConfigurationPlatforms) = preSolution
		Debug|Any CPU = Debug|Any CPU
		Release|Any CPU = Release|Any CPU
	EndGlobalSection
	GlobalSection(ProjectConfigurationPlatforms) = postSolution
		{7F6EAF14-773C-496C-93EF-E0957E0607A0}.Debug|Any CPU.ActiveCfg = Debug|Any CPU
		{7F6EAF14-773C-496C-93EF-E0957E0607A0}.Debug|Any CPU.Build.0 = Debug|Any CPU
		{7F6EAF14-773C-496C-93EF-E0957E0607A0}.Release|Any CPU.ActiveCfg = Release|Any CPU
		{7F6EAF14-773C-496C-93EF-E0957E0607A0}.Release|Any CPU.Build.0 = Release|Any CPU
		{8D3A2A82-FBE0-4D5A-A27E-B866EF7FF26F}.Debug|Any CPU.ActiveCfg = Debug|Any CPU
		{8D3A2A82-FBE0-4D5A-A27E-B866EF7FF26F}.Debug|Any CPU.Build.0 = Debug|Any CPU
		{8D3A2A82-FBE0-4D5A-A27E-B866EF7FF26F}.Release|Any CPU.ActiveCfg = Release|Any CPU
		{8D3A2A82-FBE0-4D5A-A27E-B866EF7FF26F}.Release|Any CPU.Build.0 = Release|Any CPU
	EndGlobalSection
	GlobalSection(SolutionProperties) = preSolution
		HideSolutionNode = FALSE
	EndGlobalSection
EndGlobal
